// !$*UTF8*$!
{
	archiveVersion = 1;
	classes = {
	};
	objectVersion = 55;
	objects = {

/* Begin PBXBuildFile section */
		A761FE6A27B1530C008E7046 /* AppDelegate.swift in Sources */ = {isa = PBXBuildFile; fileRef = A761FE6927B1530C008E7046 /* AppDelegate.swift */; };
		A761FE6C27B1530C008E7046 /* GameViewController.swift in Sources */ = {isa = PBXBuildFile; fileRef = A761FE6B27B1530C008E7046 /* GameViewController.swift */; };
		A761FE6F27B1530C008E7046 /* Main.storyboard in Resources */ = {isa = PBXBuildFile; fileRef = A761FE6D27B1530C008E7046 /* Main.storyboard */; };
		A761FE7227B1530C008E7046 /* LaunchScreen.storyboard in Resources */ = {isa = PBXBuildFile; fileRef = A761FE7027B1530C008E7046 /* LaunchScreen.storyboard */; };
		A761FE7A27B1530C008E7046 /* AppDelegate.swift in Sources */ = {isa = PBXBuildFile; fileRef = A761FE7927B1530C008E7046 /* AppDelegate.swift */; };
		A761FE7C27B1530C008E7046 /* GameViewController.swift in Sources */ = {isa = PBXBuildFile; fileRef = A761FE7B27B1530C008E7046 /* GameViewController.swift */; };
		A761FE7F27B1530C008E7046 /* Main.storyboard in Resources */ = {isa = PBXBuildFile; fileRef = A761FE7D27B1530C008E7046 /* Main.storyboard */; };
		A761FE8227B1530C008E7046 /* LaunchScreen.storyboard in Resources */ = {isa = PBXBuildFile; fileRef = A761FE8027B1530C008E7046 /* LaunchScreen.storyboard */; };
		A761FE8A27B1530C008E7046 /* AppDelegate.swift in Sources */ = {isa = PBXBuildFile; fileRef = A761FE8927B1530C008E7046 /* AppDelegate.swift */; };
		A761FE8C27B1530C008E7046 /* GameViewController.swift in Sources */ = {isa = PBXBuildFile; fileRef = A761FE8B27B1530C008E7046 /* GameViewController.swift */; };
		A761FE8F27B1530C008E7046 /* Main.storyboard in Resources */ = {isa = PBXBuildFile; fileRef = A761FE8D27B1530C008E7046 /* Main.storyboard */; };
		A761FE9727B1530C008E7046 /* GameScene.swift in Sources */ = {isa = PBXBuildFile; fileRef = A761FE6027B1530A008E7046 /* GameScene.swift */; };
		A761FE9827B1530C008E7046 /* GameScene.swift in Sources */ = {isa = PBXBuildFile; fileRef = A761FE6027B1530A008E7046 /* GameScene.swift */; };
		A761FE9927B1530C008E7046 /* GameScene.swift in Sources */ = {isa = PBXBuildFile; fileRef = A761FE6027B1530A008E7046 /* GameScene.swift */; };
		A761FE9A27B1530C008E7046 /* Assets.xcassets in Resources */ = {isa = PBXBuildFile; fileRef = A761FE6127B1530C008E7046 /* Assets.xcassets */; };
		A761FE9B27B1530C008E7046 /* Assets.xcassets in Resources */ = {isa = PBXBuildFile; fileRef = A761FE6127B1530C008E7046 /* Assets.xcassets */; };
		A761FE9C27B1530C008E7046 /* Assets.xcassets in Resources */ = {isa = PBXBuildFile; fileRef = A761FE6127B1530C008E7046 /* Assets.xcassets */; };
		A761FEAA27B15642008E7046 /* JoystickDelegate.swift in Sources */ = {isa = PBXBuildFile; fileRef = A761FEA827B15642008E7046 /* JoystickDelegate.swift */; };
		A761FEAB27B15642008E7046 /* JoystickDelegate.swift in Sources */ = {isa = PBXBuildFile; fileRef = A761FEA827B15642008E7046 /* JoystickDelegate.swift */; };
		A761FEAC27B15642008E7046 /* JoystickDelegate.swift in Sources */ = {isa = PBXBuildFile; fileRef = A761FEA827B15642008E7046 /* JoystickDelegate.swift */; };
		A761FEAD27B15642008E7046 /* JoystickController.swift in Sources */ = {isa = PBXBuildFile; fileRef = A761FEA927B15642008E7046 /* JoystickController.swift */; };
		A761FEAE27B15642008E7046 /* JoystickController.swift in Sources */ = {isa = PBXBuildFile; fileRef = A761FEA927B15642008E7046 /* JoystickController.swift */; };
		A761FEAF27B15642008E7046 /* JoystickController.swift in Sources */ = {isa = PBXBuildFile; fileRef = A761FEA927B15642008E7046 /* JoystickController.swift */; };
		A761FEB127B15674008E7046 /* GameCommand.swift in Sources */ = {isa = PBXBuildFile; fileRef = A761FEB027B15674008E7046 /* GameCommand.swift */; };
		A761FEB227B15674008E7046 /* GameCommand.swift in Sources */ = {isa = PBXBuildFile; fileRef = A761FEB027B15674008E7046 /* GameCommand.swift */; };
		A761FEB327B15674008E7046 /* GameCommand.swift in Sources */ = {isa = PBXBuildFile; fileRef = A761FEB027B15674008E7046 /* GameCommand.swift */; };
		A761FEBA27B159C8008E7046 /* GameController.framework in Frameworks */ = {isa = PBXBuildFile; fileRef = A761FEB927B159C8008E7046 /* GameController.framework */; };
/* End PBXBuildFile section */

/* Begin PBXFileReference section */
		A761FE6027B1530A008E7046 /* GameScene.swift */ = {isa = PBXFileReference; lastKnownFileType = sourcecode.swift; path = GameScene.swift; sourceTree = "<group>"; };
		A761FE6127B1530C008E7046 /* Assets.xcassets */ = {isa = PBXFileReference; lastKnownFileType = folder.assetcatalog; path = Assets.xcassets; sourceTree = "<group>"; };
		A761FE6627B1530C008E7046 /* BaseController.app */ = {isa = PBXFileReference; explicitFileType = wrapper.application; includeInIndex = 0; path = BaseController.app; sourceTree = BUILT_PRODUCTS_DIR; };
		A761FE6927B1530C008E7046 /* AppDelegate.swift */ = {isa = PBXFileReference; lastKnownFileType = sourcecode.swift; path = AppDelegate.swift; sourceTree = "<group>"; };
		A761FE6B27B1530C008E7046 /* GameViewController.swift */ = {isa = PBXFileReference; lastKnownFileType = sourcecode.swift; path = GameViewController.swift; sourceTree = "<group>"; };
		A761FE6E27B1530C008E7046 /* Base */ = {isa = PBXFileReference; lastKnownFileType = file.storyboard; name = Base; path = Base.lproj/Main.storyboard; sourceTree = "<group>"; };
		A761FE7127B1530C008E7046 /* Base */ = {isa = PBXFileReference; lastKnownFileType = file.storyboard; name = Base; path = Base.lproj/LaunchScreen.storyboard; sourceTree = "<group>"; };
		A761FE7727B1530C008E7046 /* BaseController.app */ = {isa = PBXFileReference; explicitFileType = wrapper.application; includeInIndex = 0; path = BaseController.app; sourceTree = BUILT_PRODUCTS_DIR; };
		A761FE7927B1530C008E7046 /* AppDelegate.swift */ = {isa = PBXFileReference; lastKnownFileType = sourcecode.swift; path = AppDelegate.swift; sourceTree = "<group>"; };
		A761FE7B27B1530C008E7046 /* GameViewController.swift */ = {isa = PBXFileReference; lastKnownFileType = sourcecode.swift; path = GameViewController.swift; sourceTree = "<group>"; };
		A761FE7E27B1530C008E7046 /* Base */ = {isa = PBXFileReference; lastKnownFileType = file.storyboard; name = Base; path = Base.lproj/Main.storyboard; sourceTree = "<group>"; };
		A761FE8127B1530C008E7046 /* Base */ = {isa = PBXFileReference; lastKnownFileType = file.storyboard; name = Base; path = Base.lproj/LaunchScreen.storyboard; sourceTree = "<group>"; };
		A761FE8727B1530C008E7046 /* BaseController.app */ = {isa = PBXFileReference; explicitFileType = wrapper.application; includeInIndex = 0; path = BaseController.app; sourceTree = BUILT_PRODUCTS_DIR; };
		A761FE8927B1530C008E7046 /* AppDelegate.swift */ = {isa = PBXFileReference; lastKnownFileType = sourcecode.swift; path = AppDelegate.swift; sourceTree = "<group>"; };
		A761FE8B27B1530C008E7046 /* GameViewController.swift */ = {isa = PBXFileReference; lastKnownFileType = sourcecode.swift; path = GameViewController.swift; sourceTree = "<group>"; };
		A761FE8E27B1530C008E7046 /* Base */ = {isa = PBXFileReference; lastKnownFileType = file.storyboard; name = Base; path = Base.lproj/Main.storyboard; sourceTree = "<group>"; };
		A761FE9027B1530C008E7046 /* BaseController_macOS.entitlements */ = {isa = PBXFileReference; lastKnownFileType = text.plist.entitlements; path = BaseController_macOS.entitlements; sourceTree = "<group>"; };
		A761FEA827B15642008E7046 /* JoystickDelegate.swift */ = {isa = PBXFileReference; fileEncoding = 4; lastKnownFileType = sourcecode.swift; path = JoystickDelegate.swift; sourceTree = "<group>"; };
		A761FEA927B15642008E7046 /* JoystickController.swift */ = {isa = PBXFileReference; fileEncoding = 4; lastKnownFileType = sourcecode.swift; path = JoystickController.swift; sourceTree = "<group>"; };
		A761FEB027B15674008E7046 /* GameCommand.swift */ = {isa = PBXFileReference; fileEncoding = 4; lastKnownFileType = sourcecode.swift; path = GameCommand.swift; sourceTree = "<group>"; };
		A761FEB927B159C8008E7046 /* GameController.framework */ = {isa = PBXFileReference; lastKnownFileType = wrapper.framework; name = GameController.framework; path = Platforms/iPhoneOS.platform/Developer/SDKs/iPhoneOS15.2.sdk/System/Library/Frameworks/GameController.framework; sourceTree = DEVELOPER_DIR; };
		A761FEBB27B159C8008E7046 /* BaseController-iOS-Info.plist */ = {isa = PBXFileReference; lastKnownFileType = text.plist; path = "BaseController-iOS-Info.plist"; sourceTree = SOURCE_ROOT; };
/* End PBXFileReference section */

/* Begin PBXFrameworksBuildPhase section */
		A761FE6327B1530C008E7046 /* Frameworks */ = {
			isa = PBXFrameworksBuildPhase;
			buildActionMask = 2147483647;
			files = (
				A761FEBA27B159C8008E7046 /* GameController.framework in Frameworks */,
			);
			runOnlyForDeploymentPostprocessing = 0;
		};
		A761FE7427B1530C008E7046 /* Frameworks */ = {
			isa = PBXFrameworksBuildPhase;
			buildActionMask = 2147483647;
			files = (
			);
			runOnlyForDeploymentPostprocessing = 0;
		};
		A761FE8427B1530C008E7046 /* Frameworks */ = {
			isa = PBXFrameworksBuildPhase;
			buildActionMask = 2147483647;
			files = (
			);
			runOnlyForDeploymentPostprocessing = 0;
		};
/* End PBXFrameworksBuildPhase section */

/* Begin PBXGroup section */
		A761FE5827B15309008E7046 = {
			isa = PBXGroup;
			children = (
				A761FE5D27B15309008E7046 /* BaseController Shared */,
				A761FE6827B1530C008E7046 /* BaseController iOS */,
				A761FE7827B1530C008E7046 /* BaseController tvOS */,
				A761FE8827B1530C008E7046 /* BaseController macOS */,
				A761FE6727B1530C008E7046 /* Products */,
				A761FEB827B159C8008E7046 /* Frameworks */,
			);
			sourceTree = "<group>";
		};
		A761FE5D27B15309008E7046 /* BaseController Shared */ = {
			isa = PBXGroup;
			children = (
				A761FE6027B1530A008E7046 /* GameScene.swift */,
				A761FEB027B15674008E7046 /* GameCommand.swift */,
				A761FEA927B15642008E7046 /* JoystickController.swift */,
				A761FEA827B15642008E7046 /* JoystickDelegate.swift */,
				A761FE6127B1530C008E7046 /* Assets.xcassets */,
			);
			path = "BaseController Shared";
			sourceTree = "<group>";
		};
		A761FE6727B1530C008E7046 /* Products */ = {
			isa = PBXGroup;
			children = (
				A761FE6627B1530C008E7046 /* BaseController.app */,
				A761FE7727B1530C008E7046 /* BaseController.app */,
				A761FE8727B1530C008E7046 /* BaseController.app */,
			);
			name = Products;
			sourceTree = "<group>";
		};
		A761FE6827B1530C008E7046 /* BaseController iOS */ = {
			isa = PBXGroup;
			children = (
				A761FEBB27B159C8008E7046 /* BaseController-iOS-Info.plist */,
				A761FE6927B1530C008E7046 /* AppDelegate.swift */,
				A761FE6B27B1530C008E7046 /* GameViewController.swift */,
				A761FE6D27B1530C008E7046 /* Main.storyboard */,
				A761FE7027B1530C008E7046 /* LaunchScreen.storyboard */,
			);
			path = "BaseController iOS";
			sourceTree = "<group>";
		};
		A761FE7827B1530C008E7046 /* BaseController tvOS */ = {
			isa = PBXGroup;
			children = (
				A761FE7927B1530C008E7046 /* AppDelegate.swift */,
				A761FE7B27B1530C008E7046 /* GameViewController.swift */,
				A761FE7D27B1530C008E7046 /* Main.storyboard */,
				A761FE8027B1530C008E7046 /* LaunchScreen.storyboard */,
			);
			path = "BaseController tvOS";
			sourceTree = "<group>";
		};
		A761FE8827B1530C008E7046 /* BaseController macOS */ = {
			isa = PBXGroup;
			children = (
				A761FE8927B1530C008E7046 /* AppDelegate.swift */,
				A761FE8B27B1530C008E7046 /* GameViewController.swift */,
				A761FE8D27B1530C008E7046 /* Main.storyboard */,
				A761FE9027B1530C008E7046 /* BaseController_macOS.entitlements */,
			);
			path = "BaseController macOS";
			sourceTree = "<group>";
		};
		A761FEB827B159C8008E7046 /* Frameworks */ = {
			isa = PBXGroup;
			children = (
				A761FEB927B159C8008E7046 /* GameController.framework */,
			);
			name = Frameworks;
			sourceTree = "<group>";
		};
/* End PBXGroup section */

/* Begin PBXNativeTarget section */
		A761FE6527B1530C008E7046 /* BaseController iOS */ = {
			isa = PBXNativeTarget;
			buildConfigurationList = A761FE9F27B1530C008E7046 /* Build configuration list for PBXNativeTarget "BaseController iOS" */;
			buildPhases = (
				A761FE6227B1530C008E7046 /* Sources */,
				A761FE6327B1530C008E7046 /* Frameworks */,
				A761FE6427B1530C008E7046 /* Resources */,
			);
			buildRules = (
			);
			dependencies = (
			);
			name = "BaseController iOS";
			productName = "BaseController iOS";
			productReference = A761FE6627B1530C008E7046 /* BaseController.app */;
			productType = "com.apple.product-type.application";
		};
		A761FE7627B1530C008E7046 /* BaseController tvOS */ = {
			isa = PBXNativeTarget;
			buildConfigurationList = A761FEA227B1530C008E7046 /* Build configuration list for PBXNativeTarget "BaseController tvOS" */;
			buildPhases = (
				A761FE7327B1530C008E7046 /* Sources */,
				A761FE7427B1530C008E7046 /* Frameworks */,
				A761FE7527B1530C008E7046 /* Resources */,
			);
			buildRules = (
			);
			dependencies = (
			);
			name = "BaseController tvOS";
			productName = "BaseController tvOS";
			productReference = A761FE7727B1530C008E7046 /* BaseController.app */;
			productType = "com.apple.product-type.application";
		};
		A761FE8627B1530C008E7046 /* BaseController macOS */ = {
			isa = PBXNativeTarget;
			buildConfigurationList = A761FEA527B1530C008E7046 /* Build configuration list for PBXNativeTarget "BaseController macOS" */;
			buildPhases = (
				A761FE8327B1530C008E7046 /* Sources */,
				A761FE8427B1530C008E7046 /* Frameworks */,
				A761FE8527B1530C008E7046 /* Resources */,
			);
			buildRules = (
			);
			dependencies = (
			);
			name = "BaseController macOS";
			productName = "BaseController macOS";
			productReference = A761FE8727B1530C008E7046 /* BaseController.app */;
			productType = "com.apple.product-type.application";
		};
/* End PBXNativeTarget section */

/* Begin PBXProject section */
		A761FE5927B15309008E7046 /* Project object */ = {
			isa = PBXProject;
			attributes = {
				BuildIndependentTargetsInParallel = 1;
				LastSwiftUpdateCheck = 1320;
				LastUpgradeCheck = 1320;
				TargetAttributes = {
					A761FE6527B1530C008E7046 = {
						CreatedOnToolsVersion = 13.2.1;
					};
					A761FE7627B1530C008E7046 = {
						CreatedOnToolsVersion = 13.2.1;
					};
					A761FE8627B1530C008E7046 = {
						CreatedOnToolsVersion = 13.2.1;
					};
				};
			};
			buildConfigurationList = A761FE5C27B15309008E7046 /* Build configuration list for PBXProject "BaseController" */;
			compatibilityVersion = "Xcode 13.0";
			developmentRegion = en;
			hasScannedForEncodings = 0;
			knownRegions = (
				en,
				Base,
			);
			mainGroup = A761FE5827B15309008E7046;
			productRefGroup = A761FE6727B1530C008E7046 /* Products */;
			projectDirPath = "";
			projectRoot = "";
			targets = (
				A761FE6527B1530C008E7046 /* BaseController iOS */,
				A761FE7627B1530C008E7046 /* BaseController tvOS */,
				A761FE8627B1530C008E7046 /* BaseController macOS */,
			);
		};
/* End PBXProject section */

/* Begin PBXResourcesBuildPhase section */
		A761FE6427B1530C008E7046 /* Resources */ = {
			isa = PBXResourcesBuildPhase;
			buildActionMask = 2147483647;
			files = (
				A761FE6F27B1530C008E7046 /* Main.storyboard in Resources */,
				A761FE7227B1530C008E7046 /* LaunchScreen.storyboard in Resources */,
				A761FE9A27B1530C008E7046 /* Assets.xcassets in Resources */,
			);
			runOnlyForDeploymentPostprocessing = 0;
		};
		A761FE7527B1530C008E7046 /* Resources */ = {
			isa = PBXResourcesBuildPhase;
			buildActionMask = 2147483647;
			files = (
				A761FE7F27B1530C008E7046 /* Main.storyboard in Resources */,
				A761FE8227B1530C008E7046 /* LaunchScreen.storyboard in Resources */,
				A761FE9B27B1530C008E7046 /* Assets.xcassets in Resources */,
			);
			runOnlyForDeploymentPostprocessing = 0;
		};
		A761FE8527B1530C008E7046 /* Resources */ = {
			isa = PBXResourcesBuildPhase;
			buildActionMask = 2147483647;
			files = (
				A761FE8F27B1530C008E7046 /* Main.storyboard in Resources */,
				A761FE9C27B1530C008E7046 /* Assets.xcassets in Resources */,
			);
			runOnlyForDeploymentPostprocessing = 0;
		};
/* End PBXResourcesBuildPhase section */

/* Begin PBXSourcesBuildPhase section */
		A761FE6227B1530C008E7046 /* Sources */ = {
			isa = PBXSourcesBuildPhase;
			buildActionMask = 2147483647;
			files = (
				A761FEAA27B15642008E7046 /* JoystickDelegate.swift in Sources */,
				A761FEB127B15674008E7046 /* GameCommand.swift in Sources */,
				A761FE9727B1530C008E7046 /* GameScene.swift in Sources */,
				A761FE6C27B1530C008E7046 /* GameViewController.swift in Sources */,
				A761FEAD27B15642008E7046 /* JoystickController.swift in Sources */,
				A761FE6A27B1530C008E7046 /* AppDelegate.swift in Sources */,
			);
			runOnlyForDeploymentPostprocessing = 0;
		};
		A761FE7327B1530C008E7046 /* Sources */ = {
			isa = PBXSourcesBuildPhase;
			buildActionMask = 2147483647;
			files = (
				A761FEAB27B15642008E7046 /* JoystickDelegate.swift in Sources */,
				A761FEB227B15674008E7046 /* GameCommand.swift in Sources */,
				A761FE9827B1530C008E7046 /* GameScene.swift in Sources */,
				A761FE7C27B1530C008E7046 /* GameViewController.swift in Sources */,
				A761FEAE27B15642008E7046 /* JoystickController.swift in Sources */,
				A761FE7A27B1530C008E7046 /* AppDelegate.swift in Sources */,
			);
			runOnlyForDeploymentPostprocessing = 0;
		};
		A761FE8327B1530C008E7046 /* Sources */ = {
			isa = PBXSourcesBuildPhase;
			buildActionMask = 2147483647;
			files = (
				A761FEAC27B15642008E7046 /* JoystickDelegate.swift in Sources */,
				A761FEB327B15674008E7046 /* GameCommand.swift in Sources */,
				A761FE9927B1530C008E7046 /* GameScene.swift in Sources */,
				A761FE8C27B1530C008E7046 /* GameViewController.swift in Sources */,
				A761FEAF27B15642008E7046 /* JoystickController.swift in Sources */,
				A761FE8A27B1530C008E7046 /* AppDelegate.swift in Sources */,
			);
			runOnlyForDeploymentPostprocessing = 0;
		};
/* End PBXSourcesBuildPhase section */

/* Begin PBXVariantGroup section */
		A761FE6D27B1530C008E7046 /* Main.storyboard */ = {
			isa = PBXVariantGroup;
			children = (
				A761FE6E27B1530C008E7046 /* Base */,
			);
			name = Main.storyboard;
			sourceTree = "<group>";
		};
		A761FE7027B1530C008E7046 /* LaunchScreen.storyboard */ = {
			isa = PBXVariantGroup;
			children = (
				A761FE7127B1530C008E7046 /* Base */,
			);
			name = LaunchScreen.storyboard;
			sourceTree = "<group>";
		};
		A761FE7D27B1530C008E7046 /* Main.storyboard */ = {
			isa = PBXVariantGroup;
			children = (
				A761FE7E27B1530C008E7046 /* Base */,
			);
			name = Main.storyboard;
			sourceTree = "<group>";
		};
		A761FE8027B1530C008E7046 /* LaunchScreen.storyboard */ = {
			isa = PBXVariantGroup;
			children = (
				A761FE8127B1530C008E7046 /* Base */,
			);
			name = LaunchScreen.storyboard;
			sourceTree = "<group>";
		};
		A761FE8D27B1530C008E7046 /* Main.storyboard */ = {
			isa = PBXVariantGroup;
			children = (
				A761FE8E27B1530C008E7046 /* Base */,
			);
			name = Main.storyboard;
			sourceTree = "<group>";
		};
/* End PBXVariantGroup section */

/* Begin XCBuildConfiguration section */
		A761FE9D27B1530C008E7046 /* Debug */ = {
			isa = XCBuildConfiguration;
			buildSettings = {
				ALWAYS_SEARCH_USER_PATHS = NO;
				CLANG_ANALYZER_NONNULL = YES;
				CLANG_ANALYZER_NUMBER_OBJECT_CONVERSION = YES_AGGRESSIVE;
				CLANG_CXX_LANGUAGE_STANDARD = "gnu++17";
				CLANG_CXX_LIBRARY = "libc++";
				CLANG_ENABLE_MODULES = YES;
				CLANG_ENABLE_OBJC_ARC = YES;
				CLANG_ENABLE_OBJC_WEAK = YES;
				CLANG_WARN_BLOCK_CAPTURE_AUTORELEASING = YES;
				CLANG_WARN_BOOL_CONVERSION = YES;
				CLANG_WARN_COMMA = YES;
				CLANG_WARN_CONSTANT_CONVERSION = YES;
				CLANG_WARN_DEPRECATED_OBJC_IMPLEMENTATIONS = YES;
				CLANG_WARN_DIRECT_OBJC_ISA_USAGE = YES_ERROR;
				CLANG_WARN_DOCUMENTATION_COMMENTS = YES;
				CLANG_WARN_EMPTY_BODY = YES;
				CLANG_WARN_ENUM_CONVERSION = YES;
				CLANG_WARN_INFINITE_RECURSION = YES;
				CLANG_WARN_INT_CONVERSION = YES;
				CLANG_WARN_NON_LITERAL_NULL_CONVERSION = YES;
				CLANG_WARN_OBJC_IMPLICIT_RETAIN_SELF = YES;
				CLANG_WARN_OBJC_LITERAL_CONVERSION = YES;
				CLANG_WARN_OBJC_ROOT_CLASS = YES_ERROR;
				CLANG_WARN_QUOTED_INCLUDE_IN_FRAMEWORK_HEADER = YES;
				CLANG_WARN_RANGE_LOOP_ANALYSIS = YES;
				CLANG_WARN_STRICT_PROTOTYPES = YES;
				CLANG_WARN_SUSPICIOUS_MOVE = YES;
				CLANG_WARN_UNGUARDED_AVAILABILITY = YES_AGGRESSIVE;
				CLANG_WARN_UNREACHABLE_CODE = YES;
				CLANG_WARN__DUPLICATE_METHOD_MATCH = YES;
				COPY_PHASE_STRIP = NO;
				DEBUG_INFORMATION_FORMAT = dwarf;
				ENABLE_STRICT_OBJC_MSGSEND = YES;
				ENABLE_TESTABILITY = YES;
				GCC_C_LANGUAGE_STANDARD = gnu11;
				GCC_DYNAMIC_NO_PIC = NO;
				GCC_NO_COMMON_BLOCKS = YES;
				GCC_OPTIMIZATION_LEVEL = 0;
				GCC_PREPROCESSOR_DEFINITIONS = (
					"DEBUG=1",
					"$(inherited)",
				);
				GCC_WARN_64_TO_32_BIT_CONVERSION = YES;
				GCC_WARN_ABOUT_RETURN_TYPE = YES_ERROR;
				GCC_WARN_UNDECLARED_SELECTOR = YES;
				GCC_WARN_UNINITIALIZED_AUTOS = YES_AGGRESSIVE;
				GCC_WARN_UNUSED_FUNCTION = YES;
				GCC_WARN_UNUSED_VARIABLE = YES;
				IPHONEOS_DEPLOYMENT_TARGET = 15.0;
				MACOSX_DEPLOYMENT_TARGET = 12.0;
				MTL_ENABLE_DEBUG_INFO = INCLUDE_SOURCE;
				MTL_FAST_MATH = YES;
				ONLY_ACTIVE_ARCH = YES;
				SWIFT_ACTIVE_COMPILATION_CONDITIONS = DEBUG;
				SWIFT_OPTIMIZATION_LEVEL = "-Onone";
			};
			name = Debug;
		};
		A761FE9E27B1530C008E7046 /* Release */ = {
			isa = XCBuildConfiguration;
			buildSettings = {
				ALWAYS_SEARCH_USER_PATHS = NO;
				CLANG_ANALYZER_NONNULL = YES;
				CLANG_ANALYZER_NUMBER_OBJECT_CONVERSION = YES_AGGRESSIVE;
				CLANG_CXX_LANGUAGE_STANDARD = "gnu++17";
				CLANG_CXX_LIBRARY = "libc++";
				CLANG_ENABLE_MODULES = YES;
				CLANG_ENABLE_OBJC_ARC = YES;
				CLANG_ENABLE_OBJC_WEAK = YES;
				CLANG_WARN_BLOCK_CAPTURE_AUTORELEASING = YES;
				CLANG_WARN_BOOL_CONVERSION = YES;
				CLANG_WARN_COMMA = YES;
				CLANG_WARN_CONSTANT_CONVERSION = YES;
				CLANG_WARN_DEPRECATED_OBJC_IMPLEMENTATIONS = YES;
				CLANG_WARN_DIRECT_OBJC_ISA_USAGE = YES_ERROR;
				CLANG_WARN_DOCUMENTATION_COMMENTS = YES;
				CLANG_WARN_EMPTY_BODY = YES;
				CLANG_WARN_ENUM_CONVERSION = YES;
				CLANG_WARN_INFINITE_RECURSION = YES;
				CLANG_WARN_INT_CONVERSION = YES;
				CLANG_WARN_NON_LITERAL_NULL_CONVERSION = YES;
				CLANG_WARN_OBJC_IMPLICIT_RETAIN_SELF = YES;
				CLANG_WARN_OBJC_LITERAL_CONVERSION = YES;
				CLANG_WARN_OBJC_ROOT_CLASS = YES_ERROR;
				CLANG_WARN_QUOTED_INCLUDE_IN_FRAMEWORK_HEADER = YES;
				CLANG_WARN_RANGE_LOOP_ANALYSIS = YES;
				CLANG_WARN_STRICT_PROTOTYPES = YES;
				CLANG_WARN_SUSPICIOUS_MOVE = YES;
				CLANG_WARN_UNGUARDED_AVAILABILITY = YES_AGGRESSIVE;
				CLANG_WARN_UNREACHABLE_CODE = YES;
				CLANG_WARN__DUPLICATE_METHOD_MATCH = YES;
				COPY_PHASE_STRIP = NO;
				DEBUG_INFORMATION_FORMAT = "dwarf-with-dsym";
				ENABLE_NS_ASSERTIONS = NO;
				ENABLE_STRICT_OBJC_MSGSEND = YES;
				GCC_C_LANGUAGE_STANDARD = gnu11;
				GCC_NO_COMMON_BLOCKS = YES;
				GCC_WARN_64_TO_32_BIT_CONVERSION = YES;
				GCC_WARN_ABOUT_RETURN_TYPE = YES_ERROR;
				GCC_WARN_UNDECLARED_SELECTOR = YES;
				GCC_WARN_UNINITIALIZED_AUTOS = YES_AGGRESSIVE;
				GCC_WARN_UNUSED_FUNCTION = YES;
				GCC_WARN_UNUSED_VARIABLE = YES;
				IPHONEOS_DEPLOYMENT_TARGET = 15.0;
				MACOSX_DEPLOYMENT_TARGET = 12.0;
				MTL_ENABLE_DEBUG_INFO = NO;
				MTL_FAST_MATH = YES;
				SWIFT_COMPILATION_MODE = wholemodule;
				SWIFT_OPTIMIZATION_LEVEL = "-O";
			};
			name = Release;
		};
		A761FEA027B1530C008E7046 /* Debug */ = {
			isa = XCBuildConfiguration;
			buildSettings = {
				ASSETCATALOG_COMPILER_APPICON_NAME = AppIcon;
				ASSETCATALOG_COMPILER_GLOBAL_ACCENT_COLOR_NAME = AccentColor;
				CODE_SIGN_STYLE = Automatic;
				CURRENT_PROJECT_VERSION = 1;
				DEVELOPMENT_TEAM = UZ6JTAUWH8;
				GENERATE_INFOPLIST_FILE = YES;
				INFOPLIST_FILE = "BaseController-iOS-Info.plist";
				INFOPLIST_KEY_UIApplicationSupportsIndirectInputEvents = YES;
				INFOPLIST_KEY_UILaunchStoryboardName = LaunchScreen;
				INFOPLIST_KEY_UIMainStoryboardFile = Main;
				INFOPLIST_KEY_UIStatusBarHidden = YES;
				INFOPLIST_KEY_UISupportedInterfaceOrientations = "UIInterfaceOrientationLandscapeLeft UIInterfaceOrientationLandscapeRight";
				INFOPLIST_KEY_UISupportedInterfaceOrientations_iPad = "UIInterfaceOrientationPortrait UIInterfaceOrientationPortraitUpsideDown UIInterfaceOrientationLandscapeLeft UIInterfaceOrientationLandscapeRight";
				INFOPLIST_KEY_UISupportedInterfaceOrientations_iPhone = "UIInterfaceOrientationLandscapeLeft UIInterfaceOrientationLandscapeRight";
				IPHONEOS_DEPLOYMENT_TARGET = 15.2;
				LD_RUNPATH_SEARCH_PATHS = (
					"$(inherited)",
					"@executable_path/Frameworks",
				);
				MARKETING_VERSION = 1.0;
				PRODUCT_BUNDLE_IDENTIFIER = br.com.bragaefilho.spritekit.BaseController;
				PRODUCT_NAME = BaseController;
				SDKROOT = iphoneos;
				SWIFT_EMIT_LOC_STRINGS = YES;
				SWIFT_VERSION = 5.0;
				TARGETED_DEVICE_FAMILY = "1,2";
			};
			name = Debug;
		};
		A761FEA127B1530C008E7046 /* Release */ = {
			isa = XCBuildConfiguration;
			buildSettings = {
				ASSETCATALOG_COMPILER_APPICON_NAME = AppIcon;
				ASSETCATALOG_COMPILER_GLOBAL_ACCENT_COLOR_NAME = AccentColor;
				CODE_SIGN_STYLE = Automatic;
				CURRENT_PROJECT_VERSION = 1;
				DEVELOPMENT_TEAM = UZ6JTAUWH8;
				GENERATE_INFOPLIST_FILE = YES;
				INFOPLIST_FILE = "BaseController-iOS-Info.plist";
				INFOPLIST_KEY_UIApplicationSupportsIndirectInputEvents = YES;
				INFOPLIST_KEY_UILaunchStoryboardName = LaunchScreen;
				INFOPLIST_KEY_UIMainStoryboardFile = Main;
				INFOPLIST_KEY_UIStatusBarHidden = YES;
				INFOPLIST_KEY_UISupportedInterfaceOrientations = "UIInterfaceOrientationLandscapeLeft UIInterfaceOrientationLandscapeRight";
				INFOPLIST_KEY_UISupportedInterfaceOrientations_iPad = "UIInterfaceOrientationPortrait UIInterfaceOrientationPortraitUpsideDown UIInterfaceOrientationLandscapeLeft UIInterfaceOrientationLandscapeRight";
				INFOPLIST_KEY_UISupportedInterfaceOrientations_iPhone = "UIInterfaceOrientationLandscapeLeft UIInterfaceOrientationLandscapeRight";
				IPHONEOS_DEPLOYMENT_TARGET = 15.2;
				LD_RUNPATH_SEARCH_PATHS = (
					"$(inherited)",
					"@executable_path/Frameworks",
				);
				MARKETING_VERSION = 1.0;
				PRODUCT_BUNDLE_IDENTIFIER = br.com.bragaefilho.spritekit.BaseController;
				PRODUCT_NAME = BaseController;
				SDKROOT = iphoneos;
				SWIFT_EMIT_LOC_STRINGS = YES;
				SWIFT_VERSION = 5.0;
				TARGETED_DEVICE_FAMILY = "1,2";
				VALIDATE_PRODUCT = YES;
			};
			name = Release;
		};
		A761FEA327B1530C008E7046 /* Debug */ = {
			isa = XCBuildConfiguration;
			buildSettings = {
				ASSETCATALOG_COMPILER_APPICON_NAME = "tvOS App Icon & Top Shelf Image";
				ASSETCATALOG_COMPILER_GLOBAL_ACCENT_COLOR_NAME = AccentColor;
				CODE_SIGN_STYLE = Automatic;
				CURRENT_PROJECT_VERSION = 1;
				DEVELOPMENT_TEAM = UZ6JTAUWH8;
				GENERATE_INFOPLIST_FILE = YES;
				INFOPLIST_KEY_UILaunchStoryboardName = LaunchScreen;
				INFOPLIST_KEY_UIMainStoryboardFile = Main;
				INFOPLIST_KEY_UIUserInterfaceStyle = Automatic;
				LD_RUNPATH_SEARCH_PATHS = (
					"$(inherited)",
					"@executable_path/Frameworks",
				);
				MARKETING_VERSION = 1.0;
				PRODUCT_BUNDLE_IDENTIFIER = br.com.bragaefilho.spritekit.BaseController;
				PRODUCT_NAME = BaseController;
				SDKROOT = appletvos;
				SWIFT_EMIT_LOC_STRINGS = YES;
				SWIFT_VERSION = 5.0;
				TARGETED_DEVICE_FAMILY = 3;
				TVOS_DEPLOYMENT_TARGET = 15.2;
			};
			name = Debug;
		};
		A761FEA427B1530C008E7046 /* Release */ = {
			isa = XCBuildConfiguration;
			buildSettings = {
				ASSETCATALOG_COMPILER_APPICON_NAME = "tvOS App Icon & Top Shelf Image";
				ASSETCATALOG_COMPILER_GLOBAL_ACCENT_COLOR_NAME = AccentColor;
				CODE_SIGN_STYLE = Automatic;
				CURRENT_PROJECT_VERSION = 1;
				DEVELOPMENT_TEAM = UZ6JTAUWH8;
				GENERATE_INFOPLIST_FILE = YES;
				INFOPLIST_KEY_UILaunchStoryboardName = LaunchScreen;
				INFOPLIST_KEY_UIMainStoryboardFile = Main;
				INFOPLIST_KEY_UIUserInterfaceStyle = Automatic;
				LD_RUNPATH_SEARCH_PATHS = (
					"$(inherited)",
					"@executable_path/Frameworks",
				);
				MARKETING_VERSION = 1.0;
				PRODUCT_BUNDLE_IDENTIFIER = br.com.bragaefilho.spritekit.BaseController;
				PRODUCT_NAME = BaseController;
				SDKROOT = appletvos;
				SWIFT_EMIT_LOC_STRINGS = YES;
				SWIFT_VERSION = 5.0;
				TARGETED_DEVICE_FAMILY = 3;
				TVOS_DEPLOYMENT_TARGET = 15.2;
				VALIDATE_PRODUCT = YES;
			};
			name = Release;
		};
		A761FEA627B1530C008E7046 /* Debug */ = {
			isa = XCBuildConfiguration;
			buildSettings = {
				ASSETCATALOG_COMPILER_APPICON_NAME = AppIcon;
				ASSETCATALOG_COMPILER_GLOBAL_ACCENT_COLOR_NAME = AccentColor;
				CODE_SIGN_ENTITLEMENTS = "BaseController macOS/BaseController_macOS.entitlements";
				CODE_SIGN_STYLE = Automatic;
				COMBINE_HIDPI_IMAGES = YES;
				CURRENT_PROJECT_VERSION = 1;
				DEVELOPMENT_TEAM = UZ6JTAUWH8;
				ENABLE_HARDENED_RUNTIME = YES;
				GENERATE_INFOPLIST_FILE = YES;
				INFOPLIST_KEY_LSApplicationCategoryType = "public.app-category.games";
				INFOPLIST_KEY_NSHumanReadableCopyright = "";
				INFOPLIST_KEY_NSMainStoryboardFile = Main;
				INFOPLIST_KEY_NSPrincipalClass = NSApplication;
				LD_RUNPATH_SEARCH_PATHS = (
					"$(inherited)",
					"@executable_path/../Frameworks",
				);
				MACOSX_DEPLOYMENT_TARGET = 12.1;
				MARKETING_VERSION = 1.0;
				PRODUCT_BUNDLE_IDENTIFIER = br.com.bragaefilho.spritekit.BaseController;
				PRODUCT_NAME = BaseController;
				SDKROOT = macosx;
				SWIFT_EMIT_LOC_STRINGS = YES;
				SWIFT_VERSION = 5.0;
			};
			name = Debug;
		};
		A761FEA727B1530C008E7046 /* Release */ = {
			isa = XCBuildConfiguration;
			buildSettings = {
				ASSETCATALOG_COMPILER_APPICON_NAME = AppIcon;
				ASSETCATALOG_COMPILER_GLOBAL_ACCENT_COLOR_NAME = AccentColor;
				CODE_SIGN_ENTITLEMENTS = "BaseController macOS/BaseController_macOS.entitlements";
				CODE_SIGN_STYLE = Automatic;
				COMBINE_HIDPI_IMAGES = YES;
				CURRENT_PROJECT_VERSION = 1;
				DEVELOPMENT_TEAM = UZ6JTAUWH8;
				ENABLE_HARDENED_RUNTIME = YES;
				GENERATE_INFOPLIST_FILE = YES;
				INFOPLIST_KEY_LSApplicationCategoryType = "public.app-category.games";
				INFOPLIST_KEY_NSHumanReadableCopyright = "";
				INFOPLIST_KEY_NSMainStoryboardFile = Main;
				INFOPLIST_KEY_NSPrincipalClass = NSApplication;
				LD_RUNPATH_SEARCH_PATHS = (
					"$(inherited)",
					"@executable_path/../Frameworks",
				);
				MACOSX_DEPLOYMENT_TARGET = 12.1;
				MARKETING_VERSION = 1.0;
				PRODUCT_BUNDLE_IDENTIFIER = br.com.bragaefilho.spritekit.BaseController;
				PRODUCT_NAME = BaseController;
				SDKROOT = macosx;
				SWIFT_EMIT_LOC_STRINGS = YES;
				SWIFT_VERSION = 5.0;
			};
			name = Release;
		};
/* End XCBuildConfiguration section */

/* Begin XCConfigurationList section */
		A761FE5C27B15309008E7046 /* Build configuration list for PBXProject "BaseController" */ = {
			isa = XCConfigurationList;
			buildConfigurations = (
				A761FE9D27B1530C008E7046 /* Debug */,
				A761FE9E27B1530C008E7046 /* Release */,
			);
			defaultConfigurationIsVisible = 0;
			defaultConfigurationName = Release;
		};
		A761FE9F27B1530C008E7046 /* Build configuration list for PBXNativeTarget "BaseController iOS" */ = {
			isa = XCConfigurationList;
			buildConfigurations = (
				A761FEA027B1530C008E7046 /* Debug */,
				A761FEA127B1530C008E7046 /* Release */,
			);
			defaultConfigurationIsVisible = 0;
			defaultConfigurationName = Release;
		};
		A761FEA227B1530C008E7046 /* Build configuration list for PBXNativeTarget "BaseController tvOS" */ = {
			isa = XCConfigurationList;
			buildConfigurations = (
				A761FEA327B1530C008E7046 /* Debug */,
				A761FEA427B1530C008E7046 /* Release */,
			);
			defaultConfigurationIsVisible = 0;
			defaultConfigurationName = Release;
		};
		A761FEA527B1530C008E7046 /* Build configuration list for PBXNativeTarget "BaseController macOS" */ = {
			isa = XCConfigurationList;
			buildConfigurations = (
				A761FEA627B1530C008E7046 /* Debug */,
				A761FEA727B1530C008E7046 /* Release */,
			);
			defaultConfigurationIsVisible = 0;
			defaultConfigurationName = Release;
		};
/* End XCConfigurationList section */
	};
	rootObject = A761FE5927B15309008E7046 /* Project object */;
}
